// !$*UTF8*$!
{
	archiveVersion = 1;
	classes = {
	};
	objectVersion = 50;
	objects = {

/* Begin PBXBuildFile section */
		5532217F2614F87500529E8D /* NetworkDataTypes.swift in Sources */ = {isa = PBXBuildFile; fileRef = 5532217E2614F87500529E8D /* NetworkDataTypes.swift */; };
		55322188261502F500529E8D /* GameKit.framework in Frameworks */ = {isa = PBXBuildFile; fileRef = 55322187261502F500529E8D /* GameKit.framework */; };
		5532218F2616421B00529E8D /* LoadLevelNetworkData.swift in Sources */ = {isa = PBXBuildFile; fileRef = 5532218E2616421B00529E8D /* LoadLevelNetworkData.swift */; };
		553221A1261642BB00529E8D /* LevelDifficulty.swift in Sources */ = {isa = PBXBuildFile; fileRef = 5532219C261642BB00529E8D /* LevelDifficulty.swift */; };
		553221A2261642BB00529E8D /* LightTypes.swift in Sources */ = {isa = PBXBuildFile; fileRef = 5532219D261642BB00529E8D /* LightTypes.swift */; };
		553221A3261642BB00529E8D /* SkyboxType.swift in Sources */ = {isa = PBXBuildFile; fileRef = 5532219E261642BB00529E8D /* SkyboxType.swift */; };
		553221A4261642BB00529E8D /* LevelSize.swift in Sources */ = {isa = PBXBuildFile; fileRef = 5532219F261642BB00529E8D /* LevelSize.swift */; };
		553221A5261642BB00529E8D /* FloorType.swift in Sources */ = {isa = PBXBuildFile; fileRef = 553221A0261642BB00529E8D /* FloorType.swift */; };
		55C96C052613B42200BACA73 /* main.swift in Sources */ = {isa = PBXBuildFile; fileRef = 55C96C042613B42200BACA73 /* main.swift */; };
		55C96C0E2613B44100BACA73 /* NetworkHelper.swift in Sources */ = {isa = PBXBuildFile; fileRef = 55C96C0C2613B44100BACA73 /* NetworkHelper.swift */; };
		55C96C0F2613B44100BACA73 /* BaseNetworkData.swift in Sources */ = {isa = PBXBuildFile; fileRef = 55C96C0D2613B44100BACA73 /* BaseNetworkData.swift */; };
		55C96C122613B7C500BACA73 /* TurnNetworkData.swift in Sources */ = {isa = PBXBuildFile; fileRef = 55C96C112613B7C500BACA73 /* TurnNetworkData.swift */; };
/* End PBXBuildFile section */

/* Begin PBXCopyFilesBuildPhase section */
		55C96BFF2613B42200BACA73 /* CopyFiles */ = {
			isa = PBXCopyFilesBuildPhase;
			buildActionMask = 2147483647;
			dstPath = /usr/share/man/man1/;
			dstSubfolderSpec = 0;
			files = (
			);
			runOnlyForDeploymentPostprocessing = 1;
		};
/* End PBXCopyFilesBuildPhase section */

/* Begin PBXFileReference section */
		5532217E2614F87500529E8D /* NetworkDataTypes.swift */ = {isa = PBXFileReference; lastKnownFileType = sourcecode.swift; path = NetworkDataTypes.swift; sourceTree = "<group>"; };
		553221832614FA9C00529E8D /* NetworkAnalysis.rtf */ = {isa = PBXFileReference; lastKnownFileType = text.rtf; path = NetworkAnalysis.rtf; sourceTree = "<group>"; };
		553221842615026D00529E8D /* SuakeNetTest.entitlements */ = {isa = PBXFileReference; lastKnownFileType = text.plist.entitlements; path = SuakeNetTest.entitlements; sourceTree = "<group>"; };
		55322187261502F500529E8D /* GameKit.framework */ = {isa = PBXFileReference; lastKnownFileType = wrapper.framework; name = GameKit.framework; path = System/Library/Frameworks/GameKit.framework; sourceTree = SDKROOT; };
		5532218E2616421B00529E8D /* LoadLevelNetworkData.swift */ = {isa = PBXFileReference; lastKnownFileType = sourcecode.swift; path = LoadLevelNetworkData.swift; sourceTree = "<group>"; };
		5532219C261642BB00529E8D /* LevelDifficulty.swift */ = {isa = PBXFileReference; lastKnownFileType = sourcecode.swift; path = LevelDifficulty.swift; sourceTree = "<group>"; };
		5532219D261642BB00529E8D /* LightTypes.swift */ = {isa = PBXFileReference; lastKnownFileType = sourcecode.swift; path = LightTypes.swift; sourceTree = "<group>"; };
		5532219E261642BB00529E8D /* SkyboxType.swift */ = {isa = PBXFileReference; lastKnownFileType = sourcecode.swift; path = SkyboxType.swift; sourceTree = "<group>"; };
		5532219F261642BB00529E8D /* LevelSize.swift */ = {isa = PBXFileReference; lastKnownFileType = sourcecode.swift; path = LevelSize.swift; sourceTree = "<group>"; };
		553221A0261642BB00529E8D /* FloorType.swift */ = {isa = PBXFileReference; lastKnownFileType = sourcecode.swift; path = FloorType.swift; sourceTree = "<group>"; };
		55C96C012613B42200BACA73 /* SuakeNetTest */ = {isa = PBXFileReference; explicitFileType = "compiled.mach-o.executable"; includeInIndex = 0; path = SuakeNetTest; sourceTree = BUILT_PRODUCTS_DIR; };
		55C96C042613B42200BACA73 /* main.swift */ = {isa = PBXFileReference; lastKnownFileType = sourcecode.swift; path = main.swift; sourceTree = "<group>"; };
		55C96C0C2613B44100BACA73 /* NetworkHelper.swift */ = {isa = PBXFileReference; fileEncoding = 4; lastKnownFileType = sourcecode.swift; path = NetworkHelper.swift; sourceTree = "<group>"; };
		55C96C0D2613B44100BACA73 /* BaseNetworkData.swift */ = {isa = PBXFileReference; fileEncoding = 4; lastKnownFileType = sourcecode.swift; path = BaseNetworkData.swift; sourceTree = "<group>"; };
		55C96C112613B7C500BACA73 /* TurnNetworkData.swift */ = {isa = PBXFileReference; lastKnownFileType = sourcecode.swift; path = TurnNetworkData.swift; sourceTree = "<group>"; };
/* End PBXFileReference section */

/* Begin PBXFrameworksBuildPhase section */
		55C96BFE2613B42200BACA73 /* Frameworks */ = {
			isa = PBXFrameworksBuildPhase;
			buildActionMask = 2147483647;
			files = (
				55322188261502F500529E8D /* GameKit.framework in Frameworks */,
			);
			runOnlyForDeploymentPostprocessing = 0;
		};
/* End PBXFrameworksBuildPhase section */

/* Begin PBXGroup section */
		553221822614FA7C00529E8D /* Docs */ = {
			isa = PBXGroup;
			children = (
				553221832614FA9C00529E8D /* NetworkAnalysis.rtf */,
			);
			path = Docs;
			sourceTree = "<group>";
		};
		55322186261502F500529E8D /* Frameworks */ = {
			isa = PBXGroup;
			children = (
				55322187261502F500529E8D /* GameKit.framework */,
			);
			name = Frameworks;
			sourceTree = "<group>";
		};
		5532218D261641F500529E8D /* Data */ = {
			isa = PBXGroup;
			children = (
				553221A82616430100529E8D /* SuakeDataTypes */,
				5532217E2614F87500529E8D /* NetworkDataTypes.swift */,
				55C96C0D2613B44100BACA73 /* BaseNetworkData.swift */,
				55C96C112613B7C500BACA73 /* TurnNetworkData.swift */,
				5532218E2616421B00529E8D /* LoadLevelNetworkData.swift */,
			);
			path = Data;
			sourceTree = "<group>";
		};
		553221A82616430100529E8D /* SuakeDataTypes */ = {
			isa = PBXGroup;
			children = (
				5532219F261642BB00529E8D /* LevelSize.swift */,
				553221A0261642BB00529E8D /* FloorType.swift */,
				5532219C261642BB00529E8D /* LevelDifficulty.swift */,
				5532219D261642BB00529E8D /* LightTypes.swift */,
				5532219E261642BB00529E8D /* SkyboxType.swift */,
			);
			path = SuakeDataTypes;
			sourceTree = "<group>";
		};
		55C96BF82613B42200BACA73 = {
			isa = PBXGroup;
			children = (
				553221822614FA7C00529E8D /* Docs */,
				55C96C032613B42200BACA73 /* SuakeNetTest */,
				55C96C022613B42200BACA73 /* Products */,
				55322186261502F500529E8D /* Frameworks */,
			);
			sourceTree = "<group>";
		};
		55C96C022613B42200BACA73 /* Products */ = {
			isa = PBXGroup;
			children = (
				55C96C012613B42200BACA73 /* SuakeNetTest */,
			);
			name = Products;
			sourceTree = "<group>";
		};
		55C96C032613B42200BACA73 /* SuakeNetTest */ = {
			isa = PBXGroup;
			children = (
				5532218D261641F500529E8D /* Data */,
				553221842615026D00529E8D /* SuakeNetTest.entitlements */,
				55C96C0C2613B44100BACA73 /* NetworkHelper.swift */,
				55C96C042613B42200BACA73 /* main.swift */,
			);
			path = SuakeNetTest;
			sourceTree = "<group>";
		};
/* End PBXGroup section */

/* Begin PBXNativeTarget section */
		55C96C002613B42200BACA73 /* SuakeNetTest */ = {
			isa = PBXNativeTarget;
			buildConfigurationList = 55C96C082613B42200BACA73 /* Build configuration list for PBXNativeTarget "SuakeNetTest" */;
			buildPhases = (
				55C96BFD2613B42200BACA73 /* Sources */,
				55C96BFE2613B42200BACA73 /* Frameworks */,
				55C96BFF2613B42200BACA73 /* CopyFiles */,
			);
			buildRules = (
			);
			dependencies = (
			);
			name = SuakeNetTest;
			productName = SuakeNetTest;
			productReference = 55C96C012613B42200BACA73 /* SuakeNetTest */;
			productType = "com.apple.product-type.tool";
		};
/* End PBXNativeTarget section */

/* Begin PBXProject section */
		55C96BF92613B42200BACA73 /* Project object */ = {
			isa = PBXProject;
			attributes = {
				LastSwiftUpdateCheck = 1240;
				LastUpgradeCheck = 1240;
				TargetAttributes = {
					55C96C002613B42200BACA73 = {
						CreatedOnToolsVersion = 12.4;
					};
				};
			};
			buildConfigurationList = 55C96BFC2613B42200BACA73 /* Build configuration list for PBXProject "SuakeNetTest" */;
			compatibilityVersion = "Xcode 9.3";
			developmentRegion = en;
			hasScannedForEncodings = 0;
			knownRegions = (
				en,
				Base,
			);
			mainGroup = 55C96BF82613B42200BACA73;
			productRefGroup = 55C96C022613B42200BACA73 /* Products */;
			projectDirPath = "";
			projectRoot = "";
			targets = (
				55C96C002613B42200BACA73 /* SuakeNetTest */,
			);
		};
/* End PBXProject section */

/* Begin PBXSourcesBuildPhase section */
		55C96BFD2613B42200BACA73 /* Sources */ = {
			isa = PBXSourcesBuildPhase;
			buildActionMask = 2147483647;
			files = (
				553221A2261642BB00529E8D /* LightTypes.swift in Sources */,
				553221A4261642BB00529E8D /* LevelSize.swift in Sources */,
				55C96C0E2613B44100BACA73 /* NetworkHelper.swift in Sources */,
				55C96C052613B42200BACA73 /* main.swift in Sources */,
				55C96C0F2613B44100BACA73 /* BaseNetworkData.swift in Sources */,
				5532218F2616421B00529E8D /* LoadLevelNetworkData.swift in Sources */,
				553221A1261642BB00529E8D /* LevelDifficulty.swift in Sources */,
				5532217F2614F87500529E8D /* NetworkDataTypes.swift in Sources */,
				553221A3261642BB00529E8D /* SkyboxType.swift in Sources */,
				553221A5261642BB00529E8D /* FloorType.swift in Sources */,
				55C96C122613B7C500BACA73 /* TurnNetworkData.swift in Sources */,
			);
			runOnlyForDeploymentPostprocessing = 0;
		};
/* End PBXSourcesBuildPhase section */

/* Begin XCBuildConfiguration section */
		55C96C062613B42200BACA73 /* Debug */ = {
			isa = XCBuildConfiguration;
			buildSettings = {
				ALWAYS_SEARCH_USER_PATHS = NO;
				CLANG_ANALYZER_NONNULL = YES;
				CLANG_ANALYZER_NUMBER_OBJECT_CONVERSION = YES_AGGRESSIVE;
				CLANG_CXX_LANGUAGE_STANDARD = "gnu++14";
				CLANG_CXX_LIBRARY = "libc++";
				CLANG_ENABLE_MODULES = YES;
				CLANG_ENABLE_OBJC_ARC = YES;
				CLANG_ENABLE_OBJC_WEAK = YES;
				CLANG_WARN_BLOCK_CAPTURE_AUTORELEASING = YES;
				CLANG_WARN_BOOL_CONVERSION = YES;
				CLANG_WARN_COMMA = YES;
				CLANG_WARN_CONSTANT_CONVERSION = YES;
				CLANG_WARN_DEPRECATED_OBJC_IMPLEMENTATIONS = YES;
				CLANG_WARN_DIRECT_OBJC_ISA_USAGE = YES_ERROR;
				CLANG_WARN_DOCUMENTATION_COMMENTS = YES;
				CLANG_WARN_EMPTY_BODY = YES;
				CLANG_WARN_ENUM_CONVERSION = YES;
				CLANG_WARN_INFINITE_RECURSION = YES;
				CLANG_WARN_INT_CONVERSION = YES;
				CLANG_WARN_NON_LITERAL_NULL_CONVERSION = YES;
				CLANG_WARN_OBJC_IMPLICIT_RETAIN_SELF = YES;
				CLANG_WARN_OBJC_LITERAL_CONVERSION = YES;
				CLANG_WARN_OBJC_ROOT_CLASS = YES_ERROR;
				CLANG_WARN_QUOTED_INCLUDE_IN_FRAMEWORK_HEADER = YES;
				CLANG_WARN_RANGE_LOOP_ANALYSIS = YES;
				CLANG_WARN_STRICT_PROTOTYPES = YES;
				CLANG_WARN_SUSPICIOUS_MOVE = YES;
				CLANG_WARN_UNGUARDED_AVAILABILITY = YES_AGGRESSIVE;
				CLANG_WARN_UNREACHABLE_CODE = YES;
				CLANG_WARN__DUPLICATE_METHOD_MATCH = YES;
				COPY_PHASE_STRIP = NO;
				DEBUG_INFORMATION_FORMAT = dwarf;
				ENABLE_STRICT_OBJC_MSGSEND = YES;
				ENABLE_TESTABILITY = YES;
				GCC_C_LANGUAGE_STANDARD = gnu11;
				GCC_DYNAMIC_NO_PIC = NO;
				GCC_NO_COMMON_BLOCKS = YES;
				GCC_OPTIMIZATION_LEVEL = 0;
				GCC_PREPROCESSOR_DEFINITIONS = (
					"DEBUG=1",
					"$(inherited)",
				);
				GCC_WARN_64_TO_32_BIT_CONVERSION = YES;
				GCC_WARN_ABOUT_RETURN_TYPE = YES_ERROR;
				GCC_WARN_UNDECLARED_SELECTOR = YES;
				GCC_WARN_UNINITIALIZED_AUTOS = YES_AGGRESSIVE;
				GCC_WARN_UNUSED_FUNCTION = YES;
				GCC_WARN_UNUSED_VARIABLE = YES;
				MACOSX_DEPLOYMENT_TARGET = 11.1;
				MTL_ENABLE_DEBUG_INFO = INCLUDE_SOURCE;
				MTL_FAST_MATH = YES;
				ONLY_ACTIVE_ARCH = YES;
				SDKROOT = macosx;
				SWIFT_ACTIVE_COMPILATION_CONDITIONS = DEBUG;
				SWIFT_OPTIMIZATION_LEVEL = "-Onone";
			};
			name = Debug;
		};
		55C96C072613B42200BACA73 /* Release */ = {
			isa = XCBuildConfiguration;
			buildSettings = {
				ALWAYS_SEARCH_USER_PATHS = NO;
				CLANG_ANALYZER_NONNULL = YES;
				CLANG_ANALYZER_NUMBER_OBJECT_CONVERSION = YES_AGGRESSIVE;
				CLANG_CXX_LANGUAGE_STANDARD = "gnu++14";
				CLANG_CXX_LIBRARY = "libc++";
				CLANG_ENABLE_MODULES = YES;
				CLANG_ENABLE_OBJC_ARC = YES;
				CLANG_ENABLE_OBJC_WEAK = YES;
				CLANG_WARN_BLOCK_CAPTURE_AUTORELEASING = YES;
				CLANG_WARN_BOOL_CONVERSION = YES;
				CLANG_WARN_COMMA = YES;
				CLANG_WARN_CONSTANT_CONVERSION = YES;
				CLANG_WARN_DEPRECATED_OBJC_IMPLEMENTATIONS = YES;
				CLANG_WARN_DIRECT_OBJC_ISA_USAGE = YES_ERROR;
				CLANG_WARN_DOCUMENTATION_COMMENTS = YES;
				CLANG_WARN_EMPTY_BODY = YES;
				CLANG_WARN_ENUM_CONVERSION = YES;
				CLANG_WARN_INFINITE_RECURSION = YES;
				CLANG_WARN_INT_CONVERSION = YES;
				CLANG_WARN_NON_LITERAL_NULL_CONVERSION = YES;
				CLANG_WARN_OBJC_IMPLICIT_RETAIN_SELF = YES;
				CLANG_WARN_OBJC_LITERAL_CONVERSION = YES;
				CLANG_WARN_OBJC_ROOT_CLASS = YES_ERROR;
				CLANG_WARN_QUOTED_INCLUDE_IN_FRAMEWORK_HEADER = YES;
				CLANG_WARN_RANGE_LOOP_ANALYSIS = YES;
				CLANG_WARN_STRICT_PROTOTYPES = YES;
				CLANG_WARN_SUSPICIOUS_MOVE = YES;
				CLANG_WARN_UNGUARDED_AVAILABILITY = YES_AGGRESSIVE;
				CLANG_WARN_UNREACHABLE_CODE = YES;
				CLANG_WARN__DUPLICATE_METHOD_MATCH = YES;
				COPY_PHASE_STRIP = NO;
				DEBUG_INFORMATION_FORMAT = "dwarf-with-dsym";
				ENABLE_NS_ASSERTIONS = NO;
				ENABLE_STRICT_OBJC_MSGSEND = YES;
				GCC_C_LANGUAGE_STANDARD = gnu11;
				GCC_NO_COMMON_BLOCKS = YES;
				GCC_WARN_64_TO_32_BIT_CONVERSION = YES;
				GCC_WARN_ABOUT_RETURN_TYPE = YES_ERROR;
				GCC_WARN_UNDECLARED_SELECTOR = YES;
				GCC_WARN_UNINITIALIZED_AUTOS = YES_AGGRESSIVE;
				GCC_WARN_UNUSED_FUNCTION = YES;
				GCC_WARN_UNUSED_VARIABLE = YES;
				MACOSX_DEPLOYMENT_TARGET = 11.1;
				MTL_ENABLE_DEBUG_INFO = NO;
				MTL_FAST_MATH = YES;
				SDKROOT = macosx;
				SWIFT_COMPILATION_MODE = wholemodule;
				SWIFT_OPTIMIZATION_LEVEL = "-O";
			};
			name = Release;
		};
		55C96C092613B42200BACA73 /* Debug */ = {
			isa = XCBuildConfiguration;
			buildSettings = {
				CODE_SIGN_ENTITLEMENTS = SuakeNetTest/SuakeNetTest.entitlements;
				CODE_SIGN_STYLE = Automatic;
				DEVELOPMENT_TEAM = PB7SHXTJHG;
				ENABLE_HARDENED_RUNTIME = YES;
				PRODUCT_NAME = "$(TARGET_NAME)";
				SWIFT_VERSION = 5.0;
			};
			name = Debug;
		};
		55C96C0A2613B42200BACA73 /* Release */ = {
			isa = XCBuildConfiguration;
			buildSettings = {
				CODE_SIGN_ENTITLEMENTS = SuakeNetTest/SuakeNetTest.entitlements;
				CODE_SIGN_STYLE = Automatic;
				DEVELOPMENT_TEAM = PB7SHXTJHG;
				ENABLE_HARDENED_RUNTIME = YES;
				PRODUCT_NAME = "$(TARGET_NAME)";
				SWIFT_VERSION = 5.0;
			};
			name = Release;
		};
/* End XCBuildConfiguration section */

/* Begin XCConfigurationList section */
		55C96BFC2613B42200BACA73 /* Build configuration list for PBXProject "SuakeNetTest" */ = {
			isa = XCConfigurationList;
			buildConfigurations = (
				55C96C062613B42200BACA73 /* Debug */,
				55C96C072613B42200BACA73 /* Release */,
			);
			defaultConfigurationIsVisible = 0;
			defaultConfigurationName = Release;
		};
		55C96C082613B42200BACA73 /* Build configuration list for PBXNativeTarget "SuakeNetTest" */ = {
			isa = XCConfigurationList;
			buildConfigurations = (
				55C96C092613B42200BACA73 /* Debug */,
				55C96C0A2613B42200BACA73 /* Release */,
			);
			defaultConfigurationIsVisible = 0;
			defaultConfigurationName = Release;
		};
/* End XCConfigurationList section */
	};
	rootObject = 55C96BF92613B42200BACA73 /* Project object */;
}
